// !$*UTF8*$!
{
	archiveVersion = 1;
	classes = {
	};
	objectVersion = 46;
	objects = {

/* Begin PBXBuildFile section */
		953E0A141BDCC21A0067CC3C /* main.cpp in Sources */ = {isa = PBXBuildFile; fileRef = 953E0A131BDCC21A0067CC3C /* main.cpp */; };
		953E0A2A1BDCC7240067CC3C /* libopencv_calib3d.3.0.0.dylib in Frameworks */ = {isa = PBXBuildFile; fileRef = 953E0A1A1BDCC7240067CC3C /* libopencv_calib3d.3.0.0.dylib */; };
		953E0A2B1BDCC7240067CC3C /* libopencv_core.3.0.0.dylib in Frameworks */ = {isa = PBXBuildFile; fileRef = 953E0A1B1BDCC7240067CC3C /* libopencv_core.3.0.0.dylib */; };
		953E0A2C1BDCC7240067CC3C /* libopencv_features2d.3.0.0.dylib in Frameworks */ = {isa = PBXBuildFile; fileRef = 953E0A1C1BDCC7240067CC3C /* libopencv_features2d.3.0.0.dylib */; };
		953E0A2D1BDCC7240067CC3C /* libopencv_flann.3.0.0.dylib in Frameworks */ = {isa = PBXBuildFile; fileRef = 953E0A1D1BDCC7240067CC3C /* libopencv_flann.3.0.0.dylib */; };
		953E0A2E1BDCC7240067CC3C /* libopencv_highgui.3.0.0.dylib in Frameworks */ = {isa = PBXBuildFile; fileRef = 953E0A1E1BDCC7240067CC3C /* libopencv_highgui.3.0.0.dylib */; };
		953E0A2F1BDCC7240067CC3C /* libopencv_imgcodecs.3.0.0.dylib in Frameworks */ = {isa = PBXBuildFile; fileRef = 953E0A1F1BDCC7240067CC3C /* libopencv_imgcodecs.3.0.0.dylib */; };
		953E0A301BDCC7240067CC3C /* libopencv_imgproc.3.0.0.dylib in Frameworks */ = {isa = PBXBuildFile; fileRef = 953E0A201BDCC7240067CC3C /* libopencv_imgproc.3.0.0.dylib */; };
		953E0A311BDCC7240067CC3C /* libopencv_ml.3.0.0.dylib in Frameworks */ = {isa = PBXBuildFile; fileRef = 953E0A211BDCC7240067CC3C /* libopencv_ml.3.0.0.dylib */; };
		953E0A321BDCC7240067CC3C /* libopencv_objdetect.3.0.0.dylib in Frameworks */ = {isa = PBXBuildFile; fileRef = 953E0A221BDCC7240067CC3C /* libopencv_objdetect.3.0.0.dylib */; };
		953E0A331BDCC7240067CC3C /* libopencv_photo.3.0.0.dylib in Frameworks */ = {isa = PBXBuildFile; fileRef = 953E0A231BDCC7240067CC3C /* libopencv_photo.3.0.0.dylib */; };
		953E0A341BDCC7240067CC3C /* libopencv_shape.3.0.0.dylib in Frameworks */ = {isa = PBXBuildFile; fileRef = 953E0A241BDCC7240067CC3C /* libopencv_shape.3.0.0.dylib */; };
		953E0A351BDCC7240067CC3C /* libopencv_stitching.3.0.0.dylib in Frameworks */ = {isa = PBXBuildFile; fileRef = 953E0A251BDCC7240067CC3C /* libopencv_stitching.3.0.0.dylib */; };
		953E0A361BDCC7240067CC3C /* libopencv_superres.3.0.0.dylib in Frameworks */ = {isa = PBXBuildFile; fileRef = 953E0A261BDCC7240067CC3C /* libopencv_superres.3.0.0.dylib */; };
		953E0A371BDCC7240067CC3C /* libopencv_video.3.0.0.dylib in Frameworks */ = {isa = PBXBuildFile; fileRef = 953E0A271BDCC7240067CC3C /* libopencv_video.3.0.0.dylib */; };
		953E0A381BDCC7240067CC3C /* libopencv_videoio.3.0.0.dylib in Frameworks */ = {isa = PBXBuildFile; fileRef = 953E0A281BDCC7240067CC3C /* libopencv_videoio.3.0.0.dylib */; };
		953E0A391BDCC7240067CC3C /* libopencv_videostab.3.0.0.dylib in Frameworks */ = {isa = PBXBuildFile; fileRef = 953E0A291BDCC7240067CC3C /* libopencv_videostab.3.0.0.dylib */; };
		953E0A3C1BDCC87B0067CC3C /* libopencv_hal.a in Frameworks */ = {isa = PBXBuildFile; fileRef = 953E0A3A1BDCC87B0067CC3C /* libopencv_hal.a */; };
		953E0A3D1BDCC87B0067CC3C /* libopencv_ts.a in Frameworks */ = {isa = PBXBuildFile; fileRef = 953E0A3B1BDCC87B0067CC3C /* libopencv_ts.a */; };
/* End PBXBuildFile section */

/* Begin PBXCopyFilesBuildPhase section */
		953E0A0E1BDCC21A0067CC3C /* CopyFiles */ = {
			isa = PBXCopyFilesBuildPhase;
			buildActionMask = 2147483647;
			dstPath = /usr/share/man/man1/;
			dstSubfolderSpec = 0;
			files = (
			);
			runOnlyForDeploymentPostprocessing = 1;
		};
/* End PBXCopyFilesBuildPhase section */

/* Begin PBXFileReference section */
		953E0A101BDCC21A0067CC3C /* BM_Test */ = {isa = PBXFileReference; explicitFileType = "compiled.mach-o.executable"; includeInIndex = 0; path = BM_Test; sourceTree = BUILT_PRODUCTS_DIR; };
		953E0A131BDCC21A0067CC3C /* main.cpp */ = {isa = PBXFileReference; lastKnownFileType = sourcecode.cpp.cpp; path = main.cpp; sourceTree = "<group>"; };
		953E0A1A1BDCC7240067CC3C /* libopencv_calib3d.3.0.0.dylib */ = {isa = PBXFileReference; lastKnownFileType = "compiled.mach-o.dylib"; name = libopencv_calib3d.3.0.0.dylib; path = "../../../../../Documents/opencv-3.0.0/build/lib/libopencv_calib3d.3.0.0.dylib"; sourceTree = "<group>"; };
		953E0A1B1BDCC7240067CC3C /* libopencv_core.3.0.0.dylib */ = {isa = PBXFileReference; lastKnownFileType = "compiled.mach-o.dylib"; name = libopencv_core.3.0.0.dylib; path = "../../../../../Documents/opencv-3.0.0/build/lib/libopencv_core.3.0.0.dylib"; sourceTree = "<group>"; };
		953E0A1C1BDCC7240067CC3C /* libopencv_features2d.3.0.0.dylib */ = {isa = PBXFileReference; lastKnownFileType = "compiled.mach-o.dylib"; name = libopencv_features2d.3.0.0.dylib; path = "../../../../../Documents/opencv-3.0.0/build/lib/libopencv_features2d.3.0.0.dylib"; sourceTree = "<group>"; };
		953E0A1D1BDCC7240067CC3C /* libopencv_flann.3.0.0.dylib */ = {isa = PBXFileReference; lastKnownFileType = "compiled.mach-o.dylib"; name = libopencv_flann.3.0.0.dylib; path = "../../../../../Documents/opencv-3.0.0/build/lib/libopencv_flann.3.0.0.dylib"; sourceTree = "<group>"; };
		953E0A1E1BDCC7240067CC3C /* libopencv_highgui.3.0.0.dylib */ = {isa = PBXFileReference; lastKnownFileType = "compiled.mach-o.dylib"; name = libopencv_highgui.3.0.0.dylib; path = "../../../../../Documents/opencv-3.0.0/build/lib/libopencv_highgui.3.0.0.dylib"; sourceTree = "<group>"; };
		953E0A1F1BDCC7240067CC3C /* libopencv_imgcodecs.3.0.0.dylib */ = {isa = PBXFileReference; lastKnownFileType = "compiled.mach-o.dylib"; name = libopencv_imgcodecs.3.0.0.dylib; path = "../../../../../Documents/opencv-3.0.0/build/lib/libopencv_imgcodecs.3.0.0.dylib"; sourceTree = "<group>"; };
		953E0A201BDCC7240067CC3C /* libopencv_imgproc.3.0.0.dylib */ = {isa = PBXFileReference; lastKnownFileType = "compiled.mach-o.dylib"; name = libopencv_imgproc.3.0.0.dylib; path = "../../../../../Documents/opencv-3.0.0/build/lib/libopencv_imgproc.3.0.0.dylib"; sourceTree = "<group>"; };
		953E0A211BDCC7240067CC3C /* libopencv_ml.3.0.0.dylib */ = {isa = PBXFileReference; lastKnownFileType = "compiled.mach-o.dylib"; name = libopencv_ml.3.0.0.dylib; path = "../../../../../Documents/opencv-3.0.0/build/lib/libopencv_ml.3.0.0.dylib"; sourceTree = "<group>"; };
		953E0A221BDCC7240067CC3C /* libopencv_objdetect.3.0.0.dylib */ = {isa = PBXFileReference; lastKnownFileType = "compiled.mach-o.dylib"; name = libopencv_objdetect.3.0.0.dylib; path = "../../../../../Documents/opencv-3.0.0/build/lib/libopencv_objdetect.3.0.0.dylib"; sourceTree = "<group>"; };
		953E0A231BDCC7240067CC3C /* libopencv_photo.3.0.0.dylib */ = {isa = PBXFileReference; lastKnownFileType = "compiled.mach-o.dylib"; name = libopencv_photo.3.0.0.dylib; path = "../../../../../Documents/opencv-3.0.0/build/lib/libopencv_photo.3.0.0.dylib"; sourceTree = "<group>"; };
		953E0A241BDCC7240067CC3C /* libopencv_shape.3.0.0.dylib */ = {isa = PBXFileReference; lastKnownFileType = "compiled.mach-o.dylib"; name = libopencv_shape.3.0.0.dylib; path = "../../../../../Documents/opencv-3.0.0/build/lib/libopencv_shape.3.0.0.dylib"; sourceTree = "<group>"; };
		953E0A251BDCC7240067CC3C /* libopencv_stitching.3.0.0.dylib */ = {isa = PBXFileReference; lastKnownFileType = "compiled.mach-o.dylib"; name = libopencv_stitching.3.0.0.dylib; path = "../../../../../Documents/opencv-3.0.0/build/lib/libopencv_stitching.3.0.0.dylib"; sourceTree = "<group>"; };
		953E0A261BDCC7240067CC3C /* libopencv_superres.3.0.0.dylib */ = {isa = PBXFileReference; lastKnownFileType = "compiled.mach-o.dylib"; name = libopencv_superres.3.0.0.dylib; path = "../../../../../Documents/opencv-3.0.0/build/lib/libopencv_superres.3.0.0.dylib"; sourceTree = "<group>"; };
		953E0A271BDCC7240067CC3C /* libopencv_video.3.0.0.dylib */ = {isa = PBXFileReference; lastKnownFileType = "compiled.mach-o.dylib"; name = libopencv_video.3.0.0.dylib; path = "../../../../../Documents/opencv-3.0.0/build/lib/libopencv_video.3.0.0.dylib"; sourceTree = "<group>"; };
		953E0A281BDCC7240067CC3C /* libopencv_videoio.3.0.0.dylib */ = {isa = PBXFileReference; lastKnownFileType = "compiled.mach-o.dylib"; name = libopencv_videoio.3.0.0.dylib; path = "../../../../../Documents/opencv-3.0.0/build/lib/libopencv_videoio.3.0.0.dylib"; sourceTree = "<group>"; };
		953E0A291BDCC7240067CC3C /* libopencv_videostab.3.0.0.dylib */ = {isa = PBXFileReference; lastKnownFileType = "compiled.mach-o.dylib"; name = libopencv_videostab.3.0.0.dylib; path = "../../../../../Documents/opencv-3.0.0/build/lib/libopencv_videostab.3.0.0.dylib"; sourceTree = "<group>"; };
		953E0A3A1BDCC87B0067CC3C /* libopencv_hal.a */ = {isa = PBXFileReference; lastKnownFileType = archive.ar; name = libopencv_hal.a; path = "../../../../../Documents/opencv-3.0.0/build/lib/libopencv_hal.a"; sourceTree = "<group>"; };
		953E0A3B1BDCC87B0067CC3C /* libopencv_ts.a */ = {isa = PBXFileReference; lastKnownFileType = archive.ar; name = libopencv_ts.a; path = "../../../../../Documents/opencv-3.0.0/build/lib/libopencv_ts.a"; sourceTree = "<group>"; };
/* End PBXFileReference section */

/* Begin PBXFrameworksBuildPhase section */
		953E0A0D1BDCC21A0067CC3C /* Frameworks */ = {
			isa = PBXFrameworksBuildPhase;
			buildActionMask = 2147483647;
			files = (
				953E0A3C1BDCC87B0067CC3C /* libopencv_hal.a in Frameworks */,
				953E0A391BDCC7240067CC3C /* libopencv_videostab.3.0.0.dylib in Frameworks */,
				953E0A371BDCC7240067CC3C /* libopencv_video.3.0.0.dylib in Frameworks */,
				953E0A351BDCC7240067CC3C /* libopencv_stitching.3.0.0.dylib in Frameworks */,
				953E0A2C1BDCC7240067CC3C /* libopencv_features2d.3.0.0.dylib in Frameworks */,
				953E0A341BDCC7240067CC3C /* libopencv_shape.3.0.0.dylib in Frameworks */,
				953E0A311BDCC7240067CC3C /* libopencv_ml.3.0.0.dylib in Frameworks */,
				953E0A361BDCC7240067CC3C /* libopencv_superres.3.0.0.dylib in Frameworks */,
				953E0A301BDCC7240067CC3C /* libopencv_imgproc.3.0.0.dylib in Frameworks */,
				953E0A2A1BDCC7240067CC3C /* libopencv_calib3d.3.0.0.dylib in Frameworks */,
				953E0A321BDCC7240067CC3C /* libopencv_objdetect.3.0.0.dylib in Frameworks */,
				953E0A3D1BDCC87B0067CC3C /* libopencv_ts.a in Frameworks */,
				953E0A2D1BDCC7240067CC3C /* libopencv_flann.3.0.0.dylib in Frameworks */,
				953E0A381BDCC7240067CC3C /* libopencv_videoio.3.0.0.dylib in Frameworks */,
				953E0A2B1BDCC7240067CC3C /* libopencv_core.3.0.0.dylib in Frameworks */,
				953E0A2E1BDCC7240067CC3C /* libopencv_highgui.3.0.0.dylib in Frameworks */,
				953E0A2F1BDCC7240067CC3C /* libopencv_imgcodecs.3.0.0.dylib in Frameworks */,
				953E0A331BDCC7240067CC3C /* libopencv_photo.3.0.0.dylib in Frameworks */,
			);
			runOnlyForDeploymentPostprocessing = 0;
		};
/* End PBXFrameworksBuildPhase section */

/* Begin PBXGroup section */
		953E0A071BDCC21A0067CC3C = {
			isa = PBXGroup;
			children = (
				953E0A3A1BDCC87B0067CC3C /* libopencv_hal.a */,
				953E0A3B1BDCC87B0067CC3C /* libopencv_ts.a */,
				953E0A1A1BDCC7240067CC3C /* libopencv_calib3d.3.0.0.dylib */,
				953E0A1B1BDCC7240067CC3C /* libopencv_core.3.0.0.dylib */,
				953E0A1C1BDCC7240067CC3C /* libopencv_features2d.3.0.0.dylib */,
				953E0A1D1BDCC7240067CC3C /* libopencv_flann.3.0.0.dylib */,
				953E0A1E1BDCC7240067CC3C /* libopencv_highgui.3.0.0.dylib */,
				953E0A1F1BDCC7240067CC3C /* libopencv_imgcodecs.3.0.0.dylib */,
				953E0A201BDCC7240067CC3C /* libopencv_imgproc.3.0.0.dylib */,
				953E0A211BDCC7240067CC3C /* libopencv_ml.3.0.0.dylib */,
				953E0A221BDCC7240067CC3C /* libopencv_objdetect.3.0.0.dylib */,
				953E0A231BDCC7240067CC3C /* libopencv_photo.3.0.0.dylib */,
				953E0A241BDCC7240067CC3C /* libopencv_shape.3.0.0.dylib */,
				953E0A251BDCC7240067CC3C /* libopencv_stitching.3.0.0.dylib */,
				953E0A261BDCC7240067CC3C /* libopencv_superres.3.0.0.dylib */,
				953E0A271BDCC7240067CC3C /* libopencv_video.3.0.0.dylib */,
				953E0A281BDCC7240067CC3C /* libopencv_videoio.3.0.0.dylib */,
				953E0A291BDCC7240067CC3C /* libopencv_videostab.3.0.0.dylib */,
				953E0A121BDCC21A0067CC3C /* BM_Test */,
				953E0A111BDCC21A0067CC3C /* Products */,
			);
			sourceTree = "<group>";
		};
		953E0A111BDCC21A0067CC3C /* Products */ = {
			isa = PBXGroup;
			children = (
				953E0A101BDCC21A0067CC3C /* BM_Test */,
			);
			name = Products;
			sourceTree = "<group>";
		};
		953E0A121BDCC21A0067CC3C /* BM_Test */ = {
			isa = PBXGroup;
			children = (
				953E0A131BDCC21A0067CC3C /* main.cpp */,
			);
			path = BM_Test;
			sourceTree = "<group>";
		};
/* End PBXGroup section */

/* Begin PBXNativeTarget section */
		953E0A0F1BDCC21A0067CC3C /* BM_Test */ = {
			isa = PBXNativeTarget;
			buildConfigurationList = 953E0A171BDCC21A0067CC3C /* Build configuration list for PBXNativeTarget "BM_Test" */;
			buildPhases = (
				953E0A0C1BDCC21A0067CC3C /* Sources */,
				953E0A0D1BDCC21A0067CC3C /* Frameworks */,
				953E0A0E1BDCC21A0067CC3C /* CopyFiles */,
			);
			buildRules = (
			);
			dependencies = (
			);
			name = BM_Test;
			productName = BM_Test;
			productReference = 953E0A101BDCC21A0067CC3C /* BM_Test */;
			productType = "com.apple.product-type.tool";
		};
/* End PBXNativeTarget section */

/* Begin PBXProject section */
		953E0A081BDCC21A0067CC3C /* Project object */ = {
			isa = PBXProject;
			attributes = {
				LastUpgradeCheck = 0710;
				ORGANIZATIONNAME = "Linhao Jin";
				TargetAttributes = {
					953E0A0F1BDCC21A0067CC3C = {
						CreatedOnToolsVersion = 7.1;
					};
				};
			};
			buildConfigurationList = 953E0A0B1BDCC21A0067CC3C /* Build configuration list for PBXProject "BM_Test" */;
			compatibilityVersion = "Xcode 3.2";
			developmentRegion = English;
			hasScannedForEncodings = 0;
			knownRegions = (
				en,
			);
			mainGroup = 953E0A071BDCC21A0067CC3C;
			productRefGroup = 953E0A111BDCC21A0067CC3C /* Products */;
			projectDirPath = "";
			projectRoot = "";
			targets = (
				953E0A0F1BDCC21A0067CC3C /* BM_Test */,
			);
		};
/* End PBXProject section */

/* Begin PBXSourcesBuildPhase section */
		953E0A0C1BDCC21A0067CC3C /* Sources */ = {
			isa = PBXSourcesBuildPhase;
			buildActionMask = 2147483647;
			files = (
				953E0A141BDCC21A0067CC3C /* main.cpp in Sources */,
			);
			runOnlyForDeploymentPostprocessing = 0;
		};
/* End PBXSourcesBuildPhase section */

/* Begin XCBuildConfiguration section */
		953E0A151BDCC21A0067CC3C /* Debug */ = {
			isa = XCBuildConfiguration;
			buildSettings = {
				ALWAYS_SEARCH_USER_PATHS = NO;
				CLANG_CXX_LANGUAGE_STANDARD = "gnu++0x";
				CLANG_CXX_LIBRARY = "libc++";
				CLANG_ENABLE_MODULES = YES;
				CLANG_ENABLE_OBJC_ARC = YES;
				CLANG_WARN_BOOL_CONVERSION = YES;
				CLANG_WARN_CONSTANT_CONVERSION = YES;
				CLANG_WARN_DIRECT_OBJC_ISA_USAGE = YES_ERROR;
				CLANG_WARN_EMPTY_BODY = YES;
				CLANG_WARN_ENUM_CONVERSION = YES;
				CLANG_WARN_INT_CONVERSION = YES;
				CLANG_WARN_OBJC_ROOT_CLASS = YES_ERROR;
				CLANG_WARN_UNREACHABLE_CODE = YES;
				CLANG_WARN__DUPLICATE_METHOD_MATCH = YES;
				CODE_SIGN_IDENTITY = "-";
				COPY_PHASE_STRIP = NO;
				DEBUG_INFORMATION_FORMAT = dwarf;
				ENABLE_STRICT_OBJC_MSGSEND = YES;
				ENABLE_TESTABILITY = YES;
				GCC_C_LANGUAGE_STANDARD = gnu99;
				GCC_DYNAMIC_NO_PIC = NO;
				GCC_NO_COMMON_BLOCKS = YES;
				GCC_OPTIMIZATION_LEVEL = 0;
				GCC_PREPROCESSOR_DEFINITIONS = (
					"DEBUG=1",
					"$(inherited)",
				);
				GCC_WARN_64_TO_32_BIT_CONVERSION = YES;
				GCC_WARN_ABOUT_RETURN_TYPE = YES_ERROR;
				GCC_WARN_UNDECLARED_SELECTOR = YES;
				GCC_WARN_UNINITIALIZED_AUTOS = YES_AGGRESSIVE;
				GCC_WARN_UNUSED_FUNCTION = YES;
				GCC_WARN_UNUSED_VARIABLE = YES;
				MACOSX_DEPLOYMENT_TARGET = 10.11;
				MTL_ENABLE_DEBUG_INFO = YES;
				ONLY_ACTIVE_ARCH = YES;
				SDKROOT = macosx;
			};
			name = Debug;
		};
		953E0A161BDCC21A0067CC3C /* Release */ = {
			isa = XCBuildConfiguration;
			buildSettings = {
				ALWAYS_SEARCH_USER_PATHS = NO;
				CLANG_CXX_LANGUAGE_STANDARD = "gnu++0x";
				CLANG_CXX_LIBRARY = "libc++";
				CLANG_ENABLE_MODULES = YES;
				CLANG_ENABLE_OBJC_ARC = YES;
				CLANG_WARN_BOOL_CONVERSION = YES;
				CLANG_WARN_CONSTANT_CONVERSION = YES;
				CLANG_WARN_DIRECT_OBJC_ISA_USAGE = YES_ERROR;
				CLANG_WARN_EMPTY_BODY = YES;
				CLANG_WARN_ENUM_CONVERSION = YES;
				CLANG_WARN_INT_CONVERSION = YES;
				CLANG_WARN_OBJC_ROOT_CLASS = YES_ERROR;
				CLANG_WARN_UNREACHABLE_CODE = YES;
				CLANG_WARN__DUPLICATE_METHOD_MATCH = YES;
				CODE_SIGN_IDENTITY = "-";
				COPY_PHASE_STRIP = NO;
				DEBUG_INFORMATION_FORMAT = "dwarf-with-dsym";
				ENABLE_NS_ASSERTIONS = NO;
				ENABLE_STRICT_OBJC_MSGSEND = YES;
				GCC_C_LANGUAGE_STANDARD = gnu99;
				GCC_NO_COMMON_BLOCKS = YES;
				GCC_WARN_64_TO_32_BIT_CONVERSION = YES;
				GCC_WARN_ABOUT_RETURN_TYPE = YES_ERROR;
				GCC_WARN_UNDECLARED_SELECTOR = YES;
				GCC_WARN_UNINITIALIZED_AUTOS = YES_AGGRESSIVE;
				GCC_WARN_UNUSED_FUNCTION = YES;
				GCC_WARN_UNUSED_VARIABLE = YES;
				MACOSX_DEPLOYMENT_TARGET = 10.11;
				MTL_ENABLE_DEBUG_INFO = NO;
				SDKROOT = macosx;
			};
			name = Release;
		};
		953E0A181BDCC21A0067CC3C /* Debug */ = {
			isa = XCBuildConfiguration;
			buildSettings = {
				HEADER_SEARCH_PATHS = /usr/local/include;
				LIBRARY_SEARCH_PATHS = /usr/local/lib;
				OTHER_LDFLAGS = (
					"-lopencv_calib3d",
					"-lopencv_core",
					"-lopencv_features2d",
					"-lopencv_flann",
					"-lopencv_highgui",
					"-lopencv_imgcodecs",
					"-lopencv_imgproc",
					"-lopencv_ml",
					"-lopencv_objdetect",
					"-lopencv_photo",
					"-lopencv_shape",
					"-lopencv_stitching",
					"-lopencv_superres",
					"-lopencv_ts",
					"-lopencv_video",
					"-lopencv_videoio",
					"-lopencv_videostab",
				);
				PRODUCT_NAME = "$(TARGET_NAME)";
			};
			name = Debug;
		};
		953E0A191BDCC21A0067CC3C /* Release */ = {
			isa = XCBuildConfiguration;
			buildSettings = {
				HEADER_SEARCH_PATHS = /usr/local/include;
				LIBRARY_SEARCH_PATHS = /usr/local/lib;
				OTHER_LDFLAGS = (
					"-lopencv_calib3d",
					"-lopencv_core",
					"-lopencv_features2d",
					"-lopencv_flann",
					"-lopencv_highgui",
					"-lopencv_imgcodecs",
					"-lopencv_imgproc",
					"-lopencv_ml",
					"-lopencv_objdetect",
					"-lopencv_photo",
					"-lopencv_shape",
					"-lopencv_stitching",
					"-lopencv_superres",
					"-lopencv_ts",
					"-lopencv_video",
					"-lopencv_videoio",
					"-lopencv_videostab",
				);
				PRODUCT_NAME = "$(TARGET_NAME)";
			};
			name = Release;
		};
/* End XCBuildConfiguration section */

/* Begin XCConfigurationList section */
		953E0A0B1BDCC21A0067CC3C /* Build configuration list for PBXProject "BM_Test" */ = {
			isa = XCConfigurationList;
			buildConfigurations = (
				953E0A151BDCC21A0067CC3C /* Debug */,
				953E0A161BDCC21A0067CC3C /* Release */,
			);
			defaultConfigurationIsVisible = 0;
			defaultConfigurationName = Release;
		};
		953E0A171BDCC21A0067CC3C /* Build configuration list for PBXNativeTarget "BM_Test" */ = {
			isa = XCConfigurationList;
			buildConfigurations = (
				953E0A181BDCC21A0067CC3C /* Debug */,
				953E0A191BDCC21A0067CC3C /* Release */,
			);
			defaultConfigurationIsVisible = 0;
			defaultConfigurationName = Release;
		};
/* End XCConfigurationList section */
	};
	rootObject = 953E0A081BDCC21A0067CC3C /* Project object */;
}
