// !$*UTF8*$!
{
	archiveVersion = 1;
	classes = {
	};
	objectVersion = 46;
	objects = {

/* Begin PBXBuildFile section */
		950657651C09CB710043ABD2 /* Cam_Capture.cpp in Sources */ = {isa = PBXBuildFile; fileRef = 9506575A1C09C9470043ABD2 /* Cam_Capture.cpp */; };
		95297B601C43B87A00BF80BF /* Cam_Calib.cpp in Sources */ = {isa = PBXBuildFile; fileRef = 95297B551C43AE0600BF80BF /* Cam_Calib.cpp */; };
		9544D40D1C01BFC6007D426D /* Disp_Map.cpp in Sources */ = {isa = PBXBuildFile; fileRef = 9544D40C1C01BFC6007D426D /* Disp_Map.cpp */; };
		9544D41E1C01C1E6007D426D /* Stereo_Calib.cpp in Sources */ = {isa = PBXBuildFile; fileRef = 9544D4131C01C153007D426D /* Stereo_Calib.cpp */; };
/* End PBXBuildFile section */

/* Begin PBXCopyFilesBuildPhase section */
		950657601C09CB5B0043ABD2 /* CopyFiles */ = {
			isa = PBXCopyFilesBuildPhase;
			buildActionMask = 2147483647;
			dstPath = /usr/share/man/man1/;
			dstSubfolderSpec = 0;
			files = (
			);
			runOnlyForDeploymentPostprocessing = 1;
		};
		95297B5B1C43B83D00BF80BF /* CopyFiles */ = {
			isa = PBXCopyFilesBuildPhase;
			buildActionMask = 2147483647;
			dstPath = /usr/share/man/man1/;
			dstSubfolderSpec = 0;
			files = (
			);
			runOnlyForDeploymentPostprocessing = 1;
		};
		9544D4071C01BFC6007D426D /* CopyFiles */ = {
			isa = PBXCopyFilesBuildPhase;
			buildActionMask = 2147483647;
			dstPath = /usr/share/man/man1/;
			dstSubfolderSpec = 0;
			files = (
			);
			runOnlyForDeploymentPostprocessing = 1;
		};
		9544D4191C01C1BF007D426D /* CopyFiles */ = {
			isa = PBXCopyFilesBuildPhase;
			buildActionMask = 2147483647;
			dstPath = /usr/share/man/man1/;
			dstSubfolderSpec = 0;
			files = (
			);
			runOnlyForDeploymentPostprocessing = 1;
		};
/* End PBXCopyFilesBuildPhase section */

/* Begin PBXFileReference section */
		9506575A1C09C9470043ABD2 /* Cam_Capture.cpp */ = {isa = PBXFileReference; lastKnownFileType = sourcecode.cpp.cpp; path = Cam_Capture.cpp; sourceTree = "<group>"; };
		950657641C09CB5B0043ABD2 /* Cam_Cap */ = {isa = PBXFileReference; explicitFileType = "compiled.mach-o.executable"; includeInIndex = 0; path = Cam_Cap; sourceTree = BUILT_PRODUCTS_DIR; };
		95297B551C43AE0600BF80BF /* Cam_Calib.cpp */ = {isa = PBXFileReference; fileEncoding = 4; lastKnownFileType = sourcecode.cpp.cpp; path = Cam_Calib.cpp; sourceTree = "<group>"; };
		95297B5F1C43B83D00BF80BF /* Cam_Calib */ = {isa = PBXFileReference; explicitFileType = "compiled.mach-o.executable"; includeInIndex = 0; path = Cam_Calib; sourceTree = BUILT_PRODUCTS_DIR; };
		9544D4091C01BFC6007D426D /* Disp_Map */ = {isa = PBXFileReference; explicitFileType = "compiled.mach-o.executable"; includeInIndex = 0; path = Disp_Map; sourceTree = BUILT_PRODUCTS_DIR; };
		9544D40C1C01BFC6007D426D /* Disp_Map.cpp */ = {isa = PBXFileReference; lastKnownFileType = sourcecode.cpp.cpp; path = Disp_Map.cpp; sourceTree = "<group>"; };
		9544D4131C01C153007D426D /* Stereo_Calib.cpp */ = {isa = PBXFileReference; lastKnownFileType = sourcecode.cpp.cpp; path = Stereo_Calib.cpp; sourceTree = "<group>"; };
		9544D41D1C01C1BF007D426D /* Stereo_Calib */ = {isa = PBXFileReference; explicitFileType = "compiled.mach-o.executable"; includeInIndex = 0; path = Stereo_Calib; sourceTree = BUILT_PRODUCTS_DIR; };
/* End PBXFileReference section */

/* Begin PBXFrameworksBuildPhase section */
		9506575F1C09CB5B0043ABD2 /* Frameworks */ = {
			isa = PBXFrameworksBuildPhase;
			buildActionMask = 2147483647;
			files = (
			);
			runOnlyForDeploymentPostprocessing = 0;
		};
		95297B5A1C43B83D00BF80BF /* Frameworks */ = {
			isa = PBXFrameworksBuildPhase;
			buildActionMask = 2147483647;
			files = (
			);
			runOnlyForDeploymentPostprocessing = 0;
		};
		9544D4061C01BFC6007D426D /* Frameworks */ = {
			isa = PBXFrameworksBuildPhase;
			buildActionMask = 2147483647;
			files = (
			);
			runOnlyForDeploymentPostprocessing = 0;
		};
		9544D4181C01C1BF007D426D /* Frameworks */ = {
			isa = PBXFrameworksBuildPhase;
			buildActionMask = 2147483647;
			files = (
			);
			runOnlyForDeploymentPostprocessing = 0;
		};
/* End PBXFrameworksBuildPhase section */

/* Begin PBXGroup section */
		9544D4001C01BFC6007D426D = {
			isa = PBXGroup;
			children = (
				9544D40B1C01BFC6007D426D /* BMW_FM */,
				9544D40A1C01BFC6007D426D /* Products */,
			);
			sourceTree = "<group>";
		};
		9544D40A1C01BFC6007D426D /* Products */ = {
			isa = PBXGroup;
			children = (
				9544D4091C01BFC6007D426D /* Disp_Map */,
				9544D41D1C01C1BF007D426D /* Stereo_Calib */,
				950657641C09CB5B0043ABD2 /* Cam_Cap */,
				95297B5F1C43B83D00BF80BF /* Cam_Calib */,
			);
			name = Products;
			sourceTree = "<group>";
		};
		9544D40B1C01BFC6007D426D /* BMW_FM */ = {
			isa = PBXGroup;
			children = (
				9544D40C1C01BFC6007D426D /* Disp_Map.cpp */,
				9544D4131C01C153007D426D /* Stereo_Calib.cpp */,
				9506575A1C09C9470043ABD2 /* Cam_Capture.cpp */,
				95297B551C43AE0600BF80BF /* Cam_Calib.cpp */,
			);
			path = BMW_FM;
			sourceTree = "<group>";
		};
/* End PBXGroup section */

/* Begin PBXNativeTarget section */
		9506575C1C09CB5B0043ABD2 /* Cam_Cap */ = {
			isa = PBXNativeTarget;
			buildConfigurationList = 950657611C09CB5B0043ABD2 /* Build configuration list for PBXNativeTarget "Cam_Cap" */;
			buildPhases = (
				9506575D1C09CB5B0043ABD2 /* Sources */,
				9506575F1C09CB5B0043ABD2 /* Frameworks */,
				950657601C09CB5B0043ABD2 /* CopyFiles */,
			);
			buildRules = (
			);
			dependencies = (
			);
			name = Cam_Cap;
			productName = BMW_FM;
			productReference = 950657641C09CB5B0043ABD2 /* Cam_Cap */;
			productType = "com.apple.product-type.tool";
		};
		95297B571C43B83D00BF80BF /* Cam_Calib */ = {
			isa = PBXNativeTarget;
			buildConfigurationList = 95297B5C1C43B83D00BF80BF /* Build configuration list for PBXNativeTarget "Cam_Calib" */;
			buildPhases = (
				95297B581C43B83D00BF80BF /* Sources */,
				95297B5A1C43B83D00BF80BF /* Frameworks */,
				95297B5B1C43B83D00BF80BF /* CopyFiles */,
			);
			buildRules = (
			);
			dependencies = (
			);
			name = Cam_Calib;
			productName = BMW_FM;
			productReference = 95297B5F1C43B83D00BF80BF /* Cam_Calib */;
			productType = "com.apple.product-type.tool";
		};
		9544D4081C01BFC6007D426D /* Disp_Map */ = {
			isa = PBXNativeTarget;
			buildConfigurationList = 9544D4101C01BFC6007D426D /* Build configuration list for PBXNativeTarget "Disp_Map" */;
			buildPhases = (
				9544D4051C01BFC6007D426D /* Sources */,
				9544D4061C01BFC6007D426D /* Frameworks */,
				9544D4071C01BFC6007D426D /* CopyFiles */,
			);
			buildRules = (
			);
			dependencies = (
			);
			name = Disp_Map;
			productName = BMW_FM;
			productReference = 9544D4091C01BFC6007D426D /* Disp_Map */;
			productType = "com.apple.product-type.tool";
		};
		9544D4151C01C1BF007D426D /* Stereo_Calib */ = {
			isa = PBXNativeTarget;
			buildConfigurationList = 9544D41A1C01C1BF007D426D /* Build configuration list for PBXNativeTarget "Stereo_Calib" */;
			buildPhases = (
				9544D4161C01C1BF007D426D /* Sources */,
				9544D4181C01C1BF007D426D /* Frameworks */,
				9544D4191C01C1BF007D426D /* CopyFiles */,
			);
			buildRules = (
			);
			dependencies = (
			);
			name = Stereo_Calib;
			productName = BMW_FM;
			productReference = 9544D41D1C01C1BF007D426D /* Stereo_Calib */;
			productType = "com.apple.product-type.tool";
		};
/* End PBXNativeTarget section */

/* Begin PBXProject section */
		9544D4011C01BFC6007D426D /* Project object */ = {
			isa = PBXProject;
			attributes = {
				LastUpgradeCheck = 0710;
				ORGANIZATIONNAME = "Linhao Jin";
				TargetAttributes = {
					9544D4081C01BFC6007D426D = {
						CreatedOnToolsVersion = 7.1;
					};
				};
			};
			buildConfigurationList = 9544D4041C01BFC6007D426D /* Build configuration list for PBXProject "BMW_FM" */;
			compatibilityVersion = "Xcode 3.2";
			developmentRegion = English;
			hasScannedForEncodings = 0;
			knownRegions = (
				en,
			);
			mainGroup = 9544D4001C01BFC6007D426D;
			productRefGroup = 9544D40A1C01BFC6007D426D /* Products */;
			projectDirPath = "";
			projectRoot = "";
			targets = (
				9544D4081C01BFC6007D426D /* Disp_Map */,
				9544D4151C01C1BF007D426D /* Stereo_Calib */,
				9506575C1C09CB5B0043ABD2 /* Cam_Cap */,
				95297B571C43B83D00BF80BF /* Cam_Calib */,
			);
		};
/* End PBXProject section */

/* Begin PBXSourcesBuildPhase section */
		9506575D1C09CB5B0043ABD2 /* Sources */ = {
			isa = PBXSourcesBuildPhase;
			buildActionMask = 2147483647;
			files = (
				950657651C09CB710043ABD2 /* Cam_Capture.cpp in Sources */,
			);
			runOnlyForDeploymentPostprocessing = 0;
		};
		95297B581C43B83D00BF80BF /* Sources */ = {
			isa = PBXSourcesBuildPhase;
			buildActionMask = 2147483647;
			files = (
				95297B601C43B87A00BF80BF /* Cam_Calib.cpp in Sources */,
			);
			runOnlyForDeploymentPostprocessing = 0;
		};
		9544D4051C01BFC6007D426D /* Sources */ = {
			isa = PBXSourcesBuildPhase;
			buildActionMask = 2147483647;
			files = (
				9544D40D1C01BFC6007D426D /* Disp_Map.cpp in Sources */,
			);
			runOnlyForDeploymentPostprocessing = 0;
		};
		9544D4161C01C1BF007D426D /* Sources */ = {
			isa = PBXSourcesBuildPhase;
			buildActionMask = 2147483647;
			files = (
				9544D41E1C01C1E6007D426D /* Stereo_Calib.cpp in Sources */,
			);
			runOnlyForDeploymentPostprocessing = 0;
		};
/* End PBXSourcesBuildPhase section */

/* Begin XCBuildConfiguration section */
		950657621C09CB5B0043ABD2 /* Debug */ = {
			isa = XCBuildConfiguration;
			buildSettings = {
				HEADER_SEARCH_PATHS = /usr/local/include;
				LIBRARY_SEARCH_PATHS = /usr/local/lib;
				OTHER_LDFLAGS = (
					"-lopencv_calib3d",
					"-lopencv_core",
					"-lopencv_features2d",
					"-lopencv_flann",
					"-lopencv_highgui",
					"-lopencv_imgcodecs",
					"-lopencv_imgproc",
					"-lopencv_ml",
					"-lopencv_objdetect",
					"-lopencv_photo",
					"-lopencv_shape",
					"-lopencv_stitching",
					"-lopencv_superres",
					"-lopencv_ts",
					"-lopencv_video",
					"-lopencv_videoio",
					"-lopencv_videostab",
				);
				PRODUCT_NAME = "$(TARGET_NAME)";
			};
			name = Debug;
		};
		950657631C09CB5B0043ABD2 /* Release */ = {
			isa = XCBuildConfiguration;
			buildSettings = {
				HEADER_SEARCH_PATHS = /usr/local/include;
				LIBRARY_SEARCH_PATHS = /usr/local/lib;
				OTHER_LDFLAGS = (
					"-lopencv_calib3d",
					"-lopencv_core",
					"-lopencv_features2d",
					"-lopencv_flann",
					"-lopencv_highgui",
					"-lopencv_imgcodecs",
					"-lopencv_imgproc",
					"-lopencv_ml",
					"-lopencv_objdetect",
					"-lopencv_photo",
					"-lopencv_shape",
					"-lopencv_stitching",
					"-lopencv_superres",
					"-lopencv_ts",
					"-lopencv_video",
					"-lopencv_videoio",
					"-lopencv_videostab",
				);
				PRODUCT_NAME = "$(TARGET_NAME)";
			};
			name = Release;
		};
		95297B5D1C43B83D00BF80BF /* Debug */ = {
			isa = XCBuildConfiguration;
			buildSettings = {
				HEADER_SEARCH_PATHS = /usr/local/include;
				LIBRARY_SEARCH_PATHS = /usr/local/lib;
				OTHER_LDFLAGS = (
					"-lopencv_calib3d",
					"-lopencv_core",
					"-lopencv_features2d",
					"-lopencv_flann",
					"-lopencv_highgui",
					"-lopencv_imgcodecs",
					"-lopencv_imgproc",
					"-lopencv_ml",
					"-lopencv_objdetect",
					"-lopencv_photo",
					"-lopencv_shape",
					"-lopencv_stitching",
					"-lopencv_superres",
					"-lopencv_ts",
					"-lopencv_video",
					"-lopencv_videoio",
					"-lopencv_videostab",
				);
				PRODUCT_NAME = "$(TARGET_NAME)";
			};
			name = Debug;
		};
		95297B5E1C43B83D00BF80BF /* Release */ = {
			isa = XCBuildConfiguration;
			buildSettings = {
				HEADER_SEARCH_PATHS = /usr/local/include;
				LIBRARY_SEARCH_PATHS = /usr/local/lib;
				OTHER_LDFLAGS = (
					"-lopencv_calib3d",
					"-lopencv_core",
					"-lopencv_features2d",
					"-lopencv_flann",
					"-lopencv_highgui",
					"-lopencv_imgcodecs",
					"-lopencv_imgproc",
					"-lopencv_ml",
					"-lopencv_objdetect",
					"-lopencv_photo",
					"-lopencv_shape",
					"-lopencv_stitching",
					"-lopencv_superres",
					"-lopencv_ts",
					"-lopencv_video",
					"-lopencv_videoio",
					"-lopencv_videostab",
				);
				PRODUCT_NAME = "$(TARGET_NAME)";
			};
			name = Release;
		};
		9544D40E1C01BFC6007D426D /* Debug */ = {
			isa = XCBuildConfiguration;
			buildSettings = {
				ALWAYS_SEARCH_USER_PATHS = NO;
				CLANG_CXX_LANGUAGE_STANDARD = "gnu++0x";
				CLANG_CXX_LIBRARY = "libc++";
				CLANG_ENABLE_MODULES = YES;
				CLANG_ENABLE_OBJC_ARC = YES;
				CLANG_WARN_BOOL_CONVERSION = YES;
				CLANG_WARN_CONSTANT_CONVERSION = YES;
				CLANG_WARN_DIRECT_OBJC_ISA_USAGE = YES_ERROR;
				CLANG_WARN_EMPTY_BODY = YES;
				CLANG_WARN_ENUM_CONVERSION = YES;
				CLANG_WARN_INT_CONVERSION = YES;
				CLANG_WARN_OBJC_ROOT_CLASS = YES_ERROR;
				CLANG_WARN_UNREACHABLE_CODE = YES;
				CLANG_WARN__DUPLICATE_METHOD_MATCH = YES;
				CODE_SIGN_IDENTITY = "-";
				COPY_PHASE_STRIP = NO;
				DEBUG_INFORMATION_FORMAT = dwarf;
				ENABLE_STRICT_OBJC_MSGSEND = YES;
				ENABLE_TESTABILITY = YES;
				GCC_C_LANGUAGE_STANDARD = gnu99;
				GCC_DYNAMIC_NO_PIC = NO;
				GCC_NO_COMMON_BLOCKS = YES;
				GCC_OPTIMIZATION_LEVEL = 0;
				GCC_PREPROCESSOR_DEFINITIONS = (
					"DEBUG=1",
					"$(inherited)",
				);
				GCC_WARN_64_TO_32_BIT_CONVERSION = YES;
				GCC_WARN_ABOUT_RETURN_TYPE = YES_ERROR;
				GCC_WARN_UNDECLARED_SELECTOR = YES;
				GCC_WARN_UNINITIALIZED_AUTOS = YES_AGGRESSIVE;
				GCC_WARN_UNUSED_FUNCTION = YES;
				GCC_WARN_UNUSED_VARIABLE = YES;
				MACOSX_DEPLOYMENT_TARGET = 10.11;
				MTL_ENABLE_DEBUG_INFO = YES;
				ONLY_ACTIVE_ARCH = YES;
				SDKROOT = macosx;
			};
			name = Debug;
		};
		9544D40F1C01BFC6007D426D /* Release */ = {
			isa = XCBuildConfiguration;
			buildSettings = {
				ALWAYS_SEARCH_USER_PATHS = NO;
				CLANG_CXX_LANGUAGE_STANDARD = "gnu++0x";
				CLANG_CXX_LIBRARY = "libc++";
				CLANG_ENABLE_MODULES = YES;
				CLANG_ENABLE_OBJC_ARC = YES;
				CLANG_WARN_BOOL_CONVERSION = YES;
				CLANG_WARN_CONSTANT_CONVERSION = YES;
				CLANG_WARN_DIRECT_OBJC_ISA_USAGE = YES_ERROR;
				CLANG_WARN_EMPTY_BODY = YES;
				CLANG_WARN_ENUM_CONVERSION = YES;
				CLANG_WARN_INT_CONVERSION = YES;
				CLANG_WARN_OBJC_ROOT_CLASS = YES_ERROR;
				CLANG_WARN_UNREACHABLE_CODE = YES;
				CLANG_WARN__DUPLICATE_METHOD_MATCH = YES;
				CODE_SIGN_IDENTITY = "-";
				COPY_PHASE_STRIP = NO;
				DEBUG_INFORMATION_FORMAT = "dwarf-with-dsym";
				ENABLE_NS_ASSERTIONS = NO;
				ENABLE_STRICT_OBJC_MSGSEND = YES;
				GCC_C_LANGUAGE_STANDARD = gnu99;
				GCC_NO_COMMON_BLOCKS = YES;
				GCC_WARN_64_TO_32_BIT_CONVERSION = YES;
				GCC_WARN_ABOUT_RETURN_TYPE = YES_ERROR;
				GCC_WARN_UNDECLARED_SELECTOR = YES;
				GCC_WARN_UNINITIALIZED_AUTOS = YES_AGGRESSIVE;
				GCC_WARN_UNUSED_FUNCTION = YES;
				GCC_WARN_UNUSED_VARIABLE = YES;
				MACOSX_DEPLOYMENT_TARGET = 10.11;
				MTL_ENABLE_DEBUG_INFO = NO;
				SDKROOT = macosx;
			};
			name = Release;
		};
		9544D4111C01BFC6007D426D /* Debug */ = {
			isa = XCBuildConfiguration;
			buildSettings = {
				HEADER_SEARCH_PATHS = /usr/local/include;
				LIBRARY_SEARCH_PATHS = /usr/local/lib;
				OTHER_LDFLAGS = (
					"-lopencv_calib3d",
					"-lopencv_core",
					"-lopencv_features2d",
					"-lopencv_flann",
					"-lopencv_highgui",
					"-lopencv_imgcodecs",
					"-lopencv_imgproc",
					"-lopencv_ml",
					"-lopencv_objdetect",
					"-lopencv_photo",
					"-lopencv_shape",
					"-lopencv_stitching",
					"-lopencv_superres",
					"-lopencv_ts",
					"-lopencv_video",
					"-lopencv_videoio",
					"-lopencv_videostab",
				);
				PRODUCT_NAME = "$(TARGET_NAME)";
			};
			name = Debug;
		};
		9544D4121C01BFC6007D426D /* Release */ = {
			isa = XCBuildConfiguration;
			buildSettings = {
				HEADER_SEARCH_PATHS = /usr/local/include;
				LIBRARY_SEARCH_PATHS = /usr/local/lib;
				OTHER_LDFLAGS = (
					"-lopencv_calib3d",
					"-lopencv_core",
					"-lopencv_features2d",
					"-lopencv_flann",
					"-lopencv_highgui",
					"-lopencv_imgcodecs",
					"-lopencv_imgproc",
					"-lopencv_ml",
					"-lopencv_objdetect",
					"-lopencv_photo",
					"-lopencv_shape",
					"-lopencv_stitching",
					"-lopencv_superres",
					"-lopencv_ts",
					"-lopencv_video",
					"-lopencv_videoio",
					"-lopencv_videostab",
				);
				PRODUCT_NAME = "$(TARGET_NAME)";
			};
			name = Release;
		};
		9544D41B1C01C1BF007D426D /* Debug */ = {
			isa = XCBuildConfiguration;
			buildSettings = {
				HEADER_SEARCH_PATHS = /usr/local/include;
				LIBRARY_SEARCH_PATHS = /usr/local/lib;
				OTHER_LDFLAGS = (
					"-lopencv_calib3d",
					"-lopencv_core",
					"-lopencv_features2d",
					"-lopencv_flann",
					"-lopencv_highgui",
					"-lopencv_imgcodecs",
					"-lopencv_imgproc",
					"-lopencv_ml",
					"-lopencv_objdetect",
					"-lopencv_photo",
					"-lopencv_shape",
					"-lopencv_stitching",
					"-lopencv_superres",
					"-lopencv_ts",
					"-lopencv_video",
					"-lopencv_videoio",
					"-lopencv_videostab",
				);
				PRODUCT_NAME = "$(TARGET_NAME)";
			};
			name = Debug;
		};
		9544D41C1C01C1BF007D426D /* Release */ = {
			isa = XCBuildConfiguration;
			buildSettings = {
				HEADER_SEARCH_PATHS = /usr/local/include;
				LIBRARY_SEARCH_PATHS = /usr/local/lib;
				OTHER_LDFLAGS = (
					"-lopencv_calib3d",
					"-lopencv_core",
					"-lopencv_features2d",
					"-lopencv_flann",
					"-lopencv_highgui",
					"-lopencv_imgcodecs",
					"-lopencv_imgproc",
					"-lopencv_ml",
					"-lopencv_objdetect",
					"-lopencv_photo",
					"-lopencv_shape",
					"-lopencv_stitching",
					"-lopencv_superres",
					"-lopencv_ts",
					"-lopencv_video",
					"-lopencv_videoio",
					"-lopencv_videostab",
				);
				PRODUCT_NAME = "$(TARGET_NAME)";
			};
			name = Release;
		};
/* End XCBuildConfiguration section */

/* Begin XCConfigurationList section */
		950657611C09CB5B0043ABD2 /* Build configuration list for PBXNativeTarget "Cam_Cap" */ = {
			isa = XCConfigurationList;
			buildConfigurations = (
				950657621C09CB5B0043ABD2 /* Debug */,
				950657631C09CB5B0043ABD2 /* Release */,
			);
			defaultConfigurationIsVisible = 0;
			defaultConfigurationName = Release;
		};
		95297B5C1C43B83D00BF80BF /* Build configuration list for PBXNativeTarget "Cam_Calib" */ = {
			isa = XCConfigurationList;
			buildConfigurations = (
				95297B5D1C43B83D00BF80BF /* Debug */,
				95297B5E1C43B83D00BF80BF /* Release */,
			);
			defaultConfigurationIsVisible = 0;
			defaultConfigurationName = Release;
		};
		9544D4041C01BFC6007D426D /* Build configuration list for PBXProject "BMW_FM" */ = {
			isa = XCConfigurationList;
			buildConfigurations = (
				9544D40E1C01BFC6007D426D /* Debug */,
				9544D40F1C01BFC6007D426D /* Release */,
			);
			defaultConfigurationIsVisible = 0;
			defaultConfigurationName = Release;
		};
		9544D4101C01BFC6007D426D /* Build configuration list for PBXNativeTarget "Disp_Map" */ = {
			isa = XCConfigurationList;
			buildConfigurations = (
				9544D4111C01BFC6007D426D /* Debug */,
				9544D4121C01BFC6007D426D /* Release */,
			);
			defaultConfigurationIsVisible = 0;
			defaultConfigurationName = Release;
		};
		9544D41A1C01C1BF007D426D /* Build configuration list for PBXNativeTarget "Stereo_Calib" */ = {
			isa = XCConfigurationList;
			buildConfigurations = (
				9544D41B1C01C1BF007D426D /* Debug */,
				9544D41C1C01C1BF007D426D /* Release */,
			);
			defaultConfigurationIsVisible = 0;
			defaultConfigurationName = Release;
		};
/* End XCConfigurationList section */
	};
	rootObject = 9544D4011C01BFC6007D426D /* Project object */;
}
