// !$*UTF8*$!
{
	archiveVersion = 1;
	classes = {
	};
	objectVersion = 46;
	objects = {

/* Begin PBXBuildFile section */
		955BA0661BDB65960053E3A8 /* libopencv_calib3d.3.0.0.dylib in Frameworks */ = {isa = PBXBuildFile; fileRef = 955BA0581BDB65960053E3A8 /* libopencv_calib3d.3.0.0.dylib */; };
		955BA0671BDB65960053E3A8 /* libopencv_features2d.3.0.0.dylib in Frameworks */ = {isa = PBXBuildFile; fileRef = 955BA0591BDB65960053E3A8 /* libopencv_features2d.3.0.0.dylib */; };
		955BA0681BDB65960053E3A8 /* libopencv_flann.3.0.0.dylib in Frameworks */ = {isa = PBXBuildFile; fileRef = 955BA05A1BDB65960053E3A8 /* libopencv_flann.3.0.0.dylib */; };
		955BA0691BDB65960053E3A8 /* libopencv_hal.a in Frameworks */ = {isa = PBXBuildFile; fileRef = 955BA05B1BDB65960053E3A8 /* libopencv_hal.a */; };
		955BA06A1BDB65960053E3A8 /* libopencv_imgcodecs.3.0.0.dylib in Frameworks */ = {isa = PBXBuildFile; fileRef = 955BA05C1BDB65960053E3A8 /* libopencv_imgcodecs.3.0.0.dylib */; };
		955BA06B1BDB65960053E3A8 /* libopencv_ml.3.0.0.dylib in Frameworks */ = {isa = PBXBuildFile; fileRef = 955BA05D1BDB65960053E3A8 /* libopencv_ml.3.0.0.dylib */; };
		955BA06C1BDB65960053E3A8 /* libopencv_objdetect.3.0.0.dylib in Frameworks */ = {isa = PBXBuildFile; fileRef = 955BA05E1BDB65960053E3A8 /* libopencv_objdetect.3.0.0.dylib */; };
		955BA06D1BDB65960053E3A8 /* libopencv_photo.3.0.0.dylib in Frameworks */ = {isa = PBXBuildFile; fileRef = 955BA05F1BDB65960053E3A8 /* libopencv_photo.3.0.0.dylib */; };
		955BA06E1BDB65960053E3A8 /* libopencv_shape.3.0.0.dylib in Frameworks */ = {isa = PBXBuildFile; fileRef = 955BA0601BDB65960053E3A8 /* libopencv_shape.3.0.0.dylib */; };
		955BA06F1BDB65960053E3A8 /* libopencv_stitching.3.0.0.dylib in Frameworks */ = {isa = PBXBuildFile; fileRef = 955BA0611BDB65960053E3A8 /* libopencv_stitching.3.0.0.dylib */; };
		955BA0701BDB65960053E3A8 /* libopencv_superres.3.0.0.dylib in Frameworks */ = {isa = PBXBuildFile; fileRef = 955BA0621BDB65960053E3A8 /* libopencv_superres.3.0.0.dylib */; };
		955BA0711BDB65960053E3A8 /* libopencv_video.3.0.0.dylib in Frameworks */ = {isa = PBXBuildFile; fileRef = 955BA0631BDB65960053E3A8 /* libopencv_video.3.0.0.dylib */; };
		955BA0721BDB65960053E3A8 /* libopencv_videoio.3.0.0.dylib in Frameworks */ = {isa = PBXBuildFile; fileRef = 955BA0641BDB65960053E3A8 /* libopencv_videoio.3.0.0.dylib */; };
		955BA0731BDB65960053E3A8 /* libopencv_videostab.3.0.0.dylib in Frameworks */ = {isa = PBXBuildFile; fileRef = 955BA0651BDB65960053E3A8 /* libopencv_videostab.3.0.0.dylib */; };
		95E7DC6B1BC8EE56000E0297 /* main.cpp in Sources */ = {isa = PBXBuildFile; fileRef = 95E7DC6A1BC8EE56000E0297 /* main.cpp */; };
		95E7DC741BC8EF4B000E0297 /* libopencv_core.3.0.0.dylib in Frameworks */ = {isa = PBXBuildFile; fileRef = 95E7DC711BC8EF4B000E0297 /* libopencv_core.3.0.0.dylib */; };
		95E7DC751BC8EF4B000E0297 /* libopencv_highgui.3.0.0.dylib in Frameworks */ = {isa = PBXBuildFile; fileRef = 95E7DC721BC8EF4B000E0297 /* libopencv_highgui.3.0.0.dylib */; };
		95E7DC761BC8EF4B000E0297 /* libopencv_imgproc.3.0.0.dylib in Frameworks */ = {isa = PBXBuildFile; fileRef = 95E7DC731BC8EF4B000E0297 /* libopencv_imgproc.3.0.0.dylib */; };
/* End PBXBuildFile section */

/* Begin PBXCopyFilesBuildPhase section */
		95E7DC651BC8EE56000E0297 /* CopyFiles */ = {
			isa = PBXCopyFilesBuildPhase;
			buildActionMask = 2147483647;
			dstPath = /usr/share/man/man1/;
			dstSubfolderSpec = 0;
			files = (
			);
			runOnlyForDeploymentPostprocessing = 1;
		};
/* End PBXCopyFilesBuildPhase section */

/* Begin PBXFileReference section */
		955BA0581BDB65960053E3A8 /* libopencv_calib3d.3.0.0.dylib */ = {isa = PBXFileReference; lastKnownFileType = "compiled.mach-o.dylib"; name = libopencv_calib3d.3.0.0.dylib; path = "../../../../Documents/opencv-3.0.0/build/lib/libopencv_calib3d.3.0.0.dylib"; sourceTree = "<group>"; };
		955BA0591BDB65960053E3A8 /* libopencv_features2d.3.0.0.dylib */ = {isa = PBXFileReference; lastKnownFileType = "compiled.mach-o.dylib"; name = libopencv_features2d.3.0.0.dylib; path = "../../../../Documents/opencv-3.0.0/build/lib/libopencv_features2d.3.0.0.dylib"; sourceTree = "<group>"; };
		955BA05A1BDB65960053E3A8 /* libopencv_flann.3.0.0.dylib */ = {isa = PBXFileReference; lastKnownFileType = "compiled.mach-o.dylib"; name = libopencv_flann.3.0.0.dylib; path = "../../../../Documents/opencv-3.0.0/build/lib/libopencv_flann.3.0.0.dylib"; sourceTree = "<group>"; };
		955BA05B1BDB65960053E3A8 /* libopencv_hal.a */ = {isa = PBXFileReference; lastKnownFileType = archive.ar; name = libopencv_hal.a; path = "../../../../Documents/opencv-3.0.0/build/lib/libopencv_hal.a"; sourceTree = "<group>"; };
		955BA05C1BDB65960053E3A8 /* libopencv_imgcodecs.3.0.0.dylib */ = {isa = PBXFileReference; lastKnownFileType = "compiled.mach-o.dylib"; name = libopencv_imgcodecs.3.0.0.dylib; path = "../../../../Documents/opencv-3.0.0/build/lib/libopencv_imgcodecs.3.0.0.dylib"; sourceTree = "<group>"; };
		955BA05D1BDB65960053E3A8 /* libopencv_ml.3.0.0.dylib */ = {isa = PBXFileReference; lastKnownFileType = "compiled.mach-o.dylib"; name = libopencv_ml.3.0.0.dylib; path = "../../../../Documents/opencv-3.0.0/build/lib/libopencv_ml.3.0.0.dylib"; sourceTree = "<group>"; };
		955BA05E1BDB65960053E3A8 /* libopencv_objdetect.3.0.0.dylib */ = {isa = PBXFileReference; lastKnownFileType = "compiled.mach-o.dylib"; name = libopencv_objdetect.3.0.0.dylib; path = "../../../../Documents/opencv-3.0.0/build/lib/libopencv_objdetect.3.0.0.dylib"; sourceTree = "<group>"; };
		955BA05F1BDB65960053E3A8 /* libopencv_photo.3.0.0.dylib */ = {isa = PBXFileReference; lastKnownFileType = "compiled.mach-o.dylib"; name = libopencv_photo.3.0.0.dylib; path = "../../../../Documents/opencv-3.0.0/build/lib/libopencv_photo.3.0.0.dylib"; sourceTree = "<group>"; };
		955BA0601BDB65960053E3A8 /* libopencv_shape.3.0.0.dylib */ = {isa = PBXFileReference; lastKnownFileType = "compiled.mach-o.dylib"; name = libopencv_shape.3.0.0.dylib; path = "../../../../Documents/opencv-3.0.0/build/lib/libopencv_shape.3.0.0.dylib"; sourceTree = "<group>"; };
		955BA0611BDB65960053E3A8 /* libopencv_stitching.3.0.0.dylib */ = {isa = PBXFileReference; lastKnownFileType = "compiled.mach-o.dylib"; name = libopencv_stitching.3.0.0.dylib; path = "../../../../Documents/opencv-3.0.0/build/lib/libopencv_stitching.3.0.0.dylib"; sourceTree = "<group>"; };
		955BA0621BDB65960053E3A8 /* libopencv_superres.3.0.0.dylib */ = {isa = PBXFileReference; lastKnownFileType = "compiled.mach-o.dylib"; name = libopencv_superres.3.0.0.dylib; path = "../../../../Documents/opencv-3.0.0/build/lib/libopencv_superres.3.0.0.dylib"; sourceTree = "<group>"; };
		955BA0631BDB65960053E3A8 /* libopencv_video.3.0.0.dylib */ = {isa = PBXFileReference; lastKnownFileType = "compiled.mach-o.dylib"; name = libopencv_video.3.0.0.dylib; path = "../../../../Documents/opencv-3.0.0/build/lib/libopencv_video.3.0.0.dylib"; sourceTree = "<group>"; };
		955BA0641BDB65960053E3A8 /* libopencv_videoio.3.0.0.dylib */ = {isa = PBXFileReference; lastKnownFileType = "compiled.mach-o.dylib"; name = libopencv_videoio.3.0.0.dylib; path = "../../../../Documents/opencv-3.0.0/build/lib/libopencv_videoio.3.0.0.dylib"; sourceTree = "<group>"; };
		955BA0651BDB65960053E3A8 /* libopencv_videostab.3.0.0.dylib */ = {isa = PBXFileReference; lastKnownFileType = "compiled.mach-o.dylib"; name = libopencv_videostab.3.0.0.dylib; path = "../../../../Documents/opencv-3.0.0/build/lib/libopencv_videostab.3.0.0.dylib"; sourceTree = "<group>"; };
		95E7DC671BC8EE56000E0297 /* Opencv tutorial */ = {isa = PBXFileReference; explicitFileType = "compiled.mach-o.executable"; includeInIndex = 0; path = "Opencv tutorial"; sourceTree = BUILT_PRODUCTS_DIR; };
		95E7DC6A1BC8EE56000E0297 /* main.cpp */ = {isa = PBXFileReference; lastKnownFileType = sourcecode.cpp.cpp; path = main.cpp; sourceTree = "<group>"; };
		95E7DC711BC8EF4B000E0297 /* libopencv_core.3.0.0.dylib */ = {isa = PBXFileReference; lastKnownFileType = "compiled.mach-o.dylib"; name = libopencv_core.3.0.0.dylib; path = "../../../../Documents/opencv-3.0.0/build/lib/libopencv_core.3.0.0.dylib"; sourceTree = "<group>"; };
		95E7DC721BC8EF4B000E0297 /* libopencv_highgui.3.0.0.dylib */ = {isa = PBXFileReference; lastKnownFileType = "compiled.mach-o.dylib"; name = libopencv_highgui.3.0.0.dylib; path = "../../../../Documents/opencv-3.0.0/build/lib/libopencv_highgui.3.0.0.dylib"; sourceTree = "<group>"; };
		95E7DC731BC8EF4B000E0297 /* libopencv_imgproc.3.0.0.dylib */ = {isa = PBXFileReference; lastKnownFileType = "compiled.mach-o.dylib"; name = libopencv_imgproc.3.0.0.dylib; path = "../../../../Documents/opencv-3.0.0/build/lib/libopencv_imgproc.3.0.0.dylib"; sourceTree = "<group>"; };
/* End PBXFileReference section */

/* Begin PBXFrameworksBuildPhase section */
		95E7DC641BC8EE56000E0297 /* Frameworks */ = {
			isa = PBXFrameworksBuildPhase;
			buildActionMask = 2147483647;
			files = (
				955BA0681BDB65960053E3A8 /* libopencv_flann.3.0.0.dylib in Frameworks */,
				955BA0731BDB65960053E3A8 /* libopencv_videostab.3.0.0.dylib in Frameworks */,
				955BA0701BDB65960053E3A8 /* libopencv_superres.3.0.0.dylib in Frameworks */,
				955BA06C1BDB65960053E3A8 /* libopencv_objdetect.3.0.0.dylib in Frameworks */,
				955BA0711BDB65960053E3A8 /* libopencv_video.3.0.0.dylib in Frameworks */,
				95E7DC751BC8EF4B000E0297 /* libopencv_highgui.3.0.0.dylib in Frameworks */,
				95E7DC741BC8EF4B000E0297 /* libopencv_core.3.0.0.dylib in Frameworks */,
				955BA06E1BDB65960053E3A8 /* libopencv_shape.3.0.0.dylib in Frameworks */,
				955BA06B1BDB65960053E3A8 /* libopencv_ml.3.0.0.dylib in Frameworks */,
				955BA0691BDB65960053E3A8 /* libopencv_hal.a in Frameworks */,
				955BA06F1BDB65960053E3A8 /* libopencv_stitching.3.0.0.dylib in Frameworks */,
				95E7DC761BC8EF4B000E0297 /* libopencv_imgproc.3.0.0.dylib in Frameworks */,
				955BA06A1BDB65960053E3A8 /* libopencv_imgcodecs.3.0.0.dylib in Frameworks */,
				955BA0721BDB65960053E3A8 /* libopencv_videoio.3.0.0.dylib in Frameworks */,
				955BA06D1BDB65960053E3A8 /* libopencv_photo.3.0.0.dylib in Frameworks */,
				955BA0671BDB65960053E3A8 /* libopencv_features2d.3.0.0.dylib in Frameworks */,
				955BA0661BDB65960053E3A8 /* libopencv_calib3d.3.0.0.dylib in Frameworks */,
			);
			runOnlyForDeploymentPostprocessing = 0;
		};
/* End PBXFrameworksBuildPhase section */

/* Begin PBXGroup section */
		95E7DC5E1BC8EE56000E0297 = {
			isa = PBXGroup;
			children = (
				95E7DC711BC8EF4B000E0297 /* libopencv_core.3.0.0.dylib */,
				95E7DC721BC8EF4B000E0297 /* libopencv_highgui.3.0.0.dylib */,
				955BA0581BDB65960053E3A8 /* libopencv_calib3d.3.0.0.dylib */,
				955BA0591BDB65960053E3A8 /* libopencv_features2d.3.0.0.dylib */,
				955BA05A1BDB65960053E3A8 /* libopencv_flann.3.0.0.dylib */,
				955BA05B1BDB65960053E3A8 /* libopencv_hal.a */,
				955BA05C1BDB65960053E3A8 /* libopencv_imgcodecs.3.0.0.dylib */,
				955BA05D1BDB65960053E3A8 /* libopencv_ml.3.0.0.dylib */,
				955BA05E1BDB65960053E3A8 /* libopencv_objdetect.3.0.0.dylib */,
				955BA05F1BDB65960053E3A8 /* libopencv_photo.3.0.0.dylib */,
				955BA0601BDB65960053E3A8 /* libopencv_shape.3.0.0.dylib */,
				955BA0611BDB65960053E3A8 /* libopencv_stitching.3.0.0.dylib */,
				955BA0621BDB65960053E3A8 /* libopencv_superres.3.0.0.dylib */,
				955BA0631BDB65960053E3A8 /* libopencv_video.3.0.0.dylib */,
				955BA0641BDB65960053E3A8 /* libopencv_videoio.3.0.0.dylib */,
				955BA0651BDB65960053E3A8 /* libopencv_videostab.3.0.0.dylib */,
				95E7DC731BC8EF4B000E0297 /* libopencv_imgproc.3.0.0.dylib */,
				95E7DC691BC8EE56000E0297 /* Opencv tutorial */,
				95E7DC681BC8EE56000E0297 /* Products */,
			);
			sourceTree = "<group>";
		};
		95E7DC681BC8EE56000E0297 /* Products */ = {
			isa = PBXGroup;
			children = (
				95E7DC671BC8EE56000E0297 /* Opencv tutorial */,
			);
			name = Products;
			sourceTree = "<group>";
		};
		95E7DC691BC8EE56000E0297 /* Opencv tutorial */ = {
			isa = PBXGroup;
			children = (
				95E7DC6A1BC8EE56000E0297 /* main.cpp */,
			);
			path = "Opencv tutorial";
			sourceTree = "<group>";
		};
/* End PBXGroup section */

/* Begin PBXNativeTarget section */
		95E7DC661BC8EE56000E0297 /* Opencv tutorial */ = {
			isa = PBXNativeTarget;
			buildConfigurationList = 95E7DC6E1BC8EE56000E0297 /* Build configuration list for PBXNativeTarget "Opencv tutorial" */;
			buildPhases = (
				95E7DC631BC8EE56000E0297 /* Sources */,
				95E7DC641BC8EE56000E0297 /* Frameworks */,
				95E7DC651BC8EE56000E0297 /* CopyFiles */,
			);
			buildRules = (
			);
			dependencies = (
			);
			name = "Opencv tutorial";
			productName = "Opencv tutorial";
			productReference = 95E7DC671BC8EE56000E0297 /* Opencv tutorial */;
			productType = "com.apple.product-type.tool";
		};
/* End PBXNativeTarget section */

/* Begin PBXProject section */
		95E7DC5F1BC8EE56000E0297 /* Project object */ = {
			isa = PBXProject;
			attributes = {
				LastUpgradeCheck = 0700;
				ORGANIZATIONNAME = "Linhao Jin";
				TargetAttributes = {
					95E7DC661BC8EE56000E0297 = {
						CreatedOnToolsVersion = 7.0.1;
					};
				};
			};
			buildConfigurationList = 95E7DC621BC8EE56000E0297 /* Build configuration list for PBXProject "Opencv tutorial" */;
			compatibilityVersion = "Xcode 3.2";
			developmentRegion = English;
			hasScannedForEncodings = 0;
			knownRegions = (
				en,
			);
			mainGroup = 95E7DC5E1BC8EE56000E0297;
			productRefGroup = 95E7DC681BC8EE56000E0297 /* Products */;
			projectDirPath = "";
			projectRoot = "";
			targets = (
				95E7DC661BC8EE56000E0297 /* Opencv tutorial */,
			);
		};
/* End PBXProject section */

/* Begin PBXSourcesBuildPhase section */
		95E7DC631BC8EE56000E0297 /* Sources */ = {
			isa = PBXSourcesBuildPhase;
			buildActionMask = 2147483647;
			files = (
				95E7DC6B1BC8EE56000E0297 /* main.cpp in Sources */,
			);
			runOnlyForDeploymentPostprocessing = 0;
		};
/* End PBXSourcesBuildPhase section */

/* Begin XCBuildConfiguration section */
		95E7DC6C1BC8EE56000E0297 /* Debug */ = {
			isa = XCBuildConfiguration;
			buildSettings = {
				ALWAYS_SEARCH_USER_PATHS = NO;
				CLANG_CXX_LANGUAGE_STANDARD = "gnu++0x";
				CLANG_CXX_LIBRARY = "libc++";
				CLANG_ENABLE_MODULES = YES;
				CLANG_ENABLE_OBJC_ARC = YES;
				CLANG_WARN_BOOL_CONVERSION = YES;
				CLANG_WARN_CONSTANT_CONVERSION = YES;
				CLANG_WARN_DIRECT_OBJC_ISA_USAGE = YES_ERROR;
				CLANG_WARN_EMPTY_BODY = YES;
				CLANG_WARN_ENUM_CONVERSION = YES;
				CLANG_WARN_INT_CONVERSION = YES;
				CLANG_WARN_OBJC_ROOT_CLASS = YES_ERROR;
				CLANG_WARN_UNREACHABLE_CODE = YES;
				CLANG_WARN__DUPLICATE_METHOD_MATCH = YES;
				COPY_PHASE_STRIP = NO;
				DEBUG_INFORMATION_FORMAT = dwarf;
				ENABLE_STRICT_OBJC_MSGSEND = YES;
				ENABLE_TESTABILITY = YES;
				GCC_C_LANGUAGE_STANDARD = gnu99;
				GCC_DYNAMIC_NO_PIC = NO;
				GCC_NO_COMMON_BLOCKS = YES;
				GCC_OPTIMIZATION_LEVEL = 0;
				GCC_PREPROCESSOR_DEFINITIONS = (
					"DEBUG=1",
					"$(inherited)",
				);
				GCC_WARN_64_TO_32_BIT_CONVERSION = YES;
				GCC_WARN_ABOUT_RETURN_TYPE = YES_ERROR;
				GCC_WARN_UNDECLARED_SELECTOR = YES;
				GCC_WARN_UNINITIALIZED_AUTOS = YES_AGGRESSIVE;
				GCC_WARN_UNUSED_FUNCTION = YES;
				GCC_WARN_UNUSED_VARIABLE = YES;
				MACOSX_DEPLOYMENT_TARGET = 10.11;
				MTL_ENABLE_DEBUG_INFO = YES;
				ONLY_ACTIVE_ARCH = YES;
				SDKROOT = macosx;
			};
			name = Debug;
		};
		95E7DC6D1BC8EE56000E0297 /* Release */ = {
			isa = XCBuildConfiguration;
			buildSettings = {
				ALWAYS_SEARCH_USER_PATHS = NO;
				CLANG_CXX_LANGUAGE_STANDARD = "gnu++0x";
				CLANG_CXX_LIBRARY = "libc++";
				CLANG_ENABLE_MODULES = YES;
				CLANG_ENABLE_OBJC_ARC = YES;
				CLANG_WARN_BOOL_CONVERSION = YES;
				CLANG_WARN_CONSTANT_CONVERSION = YES;
				CLANG_WARN_DIRECT_OBJC_ISA_USAGE = YES_ERROR;
				CLANG_WARN_EMPTY_BODY = YES;
				CLANG_WARN_ENUM_CONVERSION = YES;
				CLANG_WARN_INT_CONVERSION = YES;
				CLANG_WARN_OBJC_ROOT_CLASS = YES_ERROR;
				CLANG_WARN_UNREACHABLE_CODE = YES;
				CLANG_WARN__DUPLICATE_METHOD_MATCH = YES;
				COPY_PHASE_STRIP = NO;
				DEBUG_INFORMATION_FORMAT = "dwarf-with-dsym";
				ENABLE_NS_ASSERTIONS = NO;
				ENABLE_STRICT_OBJC_MSGSEND = YES;
				GCC_C_LANGUAGE_STANDARD = gnu99;
				GCC_NO_COMMON_BLOCKS = YES;
				GCC_WARN_64_TO_32_BIT_CONVERSION = YES;
				GCC_WARN_ABOUT_RETURN_TYPE = YES_ERROR;
				GCC_WARN_UNDECLARED_SELECTOR = YES;
				GCC_WARN_UNINITIALIZED_AUTOS = YES_AGGRESSIVE;
				GCC_WARN_UNUSED_FUNCTION = YES;
				GCC_WARN_UNUSED_VARIABLE = YES;
				MACOSX_DEPLOYMENT_TARGET = 10.11;
				MTL_ENABLE_DEBUG_INFO = NO;
				SDKROOT = macosx;
			};
			name = Release;
		};
		95E7DC6F1BC8EE56000E0297 /* Debug */ = {
			isa = XCBuildConfiguration;
			buildSettings = {
				ALWAYS_SEARCH_USER_PATHS = YES;
				FRAMEWORK_SEARCH_PATHS = /usr/local/lib;
				HEADER_SEARCH_PATHS = /usr/local/include;
				LIBRARY_SEARCH_PATHS = "/Users/LH_Mac/Documents/opencv-3.0.0/build/lib";
				OTHER_LDFLAGS = (
					"-lopencv_calib3d",
					"-lopencv_core",
					"-lopencv_features2d",
					"-lopencv_flann",
					"-lopencv_highgui",
					"-lopencv_imgcodecs",
					"-lopencv_imgproc",
					"-lopencv_ml",
					"-lopencv_objdetect",
					"-lopencv_photo",
					"-lopencv_shape",
					"-lopencv_stitching",
					"-lopencv_superres",
					"-lopencv_ts",
					"-lopencv_video",
					"-lopencv_videoio",
					"-lopencv_videostab",
				);
				PRODUCT_NAME = "$(TARGET_NAME)";
			};
			name = Debug;
		};
		95E7DC701BC8EE56000E0297 /* Release */ = {
			isa = XCBuildConfiguration;
			buildSettings = {
				ALWAYS_SEARCH_USER_PATHS = YES;
				FRAMEWORK_SEARCH_PATHS = /usr/local/lib;
				HEADER_SEARCH_PATHS = /usr/local/include;
				LIBRARY_SEARCH_PATHS = "/Users/LH_Mac/Documents/opencv-3.0.0/build/lib";
				OTHER_LDFLAGS = (
					"-lopencv_calib3d",
					"-lopencv_core",
					"-lopencv_features2d",
					"-lopencv_flann",
					"-lopencv_highgui",
					"-lopencv_imgcodecs",
					"-lopencv_imgproc",
					"-lopencv_ml",
					"-lopencv_objdetect",
					"-lopencv_photo",
					"-lopencv_shape",
					"-lopencv_stitching",
					"-lopencv_superres",
					"-lopencv_ts",
					"-lopencv_video",
					"-lopencv_videoio",
					"-lopencv_videostab",
				);
				PRODUCT_NAME = "$(TARGET_NAME)";
			};
			name = Release;
		};
/* End XCBuildConfiguration section */

/* Begin XCConfigurationList section */
		95E7DC621BC8EE56000E0297 /* Build configuration list for PBXProject "Opencv tutorial" */ = {
			isa = XCConfigurationList;
			buildConfigurations = (
				95E7DC6C1BC8EE56000E0297 /* Debug */,
				95E7DC6D1BC8EE56000E0297 /* Release */,
			);
			defaultConfigurationIsVisible = 0;
			defaultConfigurationName = Release;
		};
		95E7DC6E1BC8EE56000E0297 /* Build configuration list for PBXNativeTarget "Opencv tutorial" */ = {
			isa = XCConfigurationList;
			buildConfigurations = (
				95E7DC6F1BC8EE56000E0297 /* Debug */,
				95E7DC701BC8EE56000E0297 /* Release */,
			);
			defaultConfigurationIsVisible = 0;
			defaultConfigurationName = Release;
		};
/* End XCConfigurationList section */
	};
	rootObject = 95E7DC5F1BC8EE56000E0297 /* Project object */;
}
